
Microsoft Visual Studio Solution File, Format Version 12.00
Project("{FAE04EC0-301F-11D3-BF4B-00C04F79EFBC}") = "GeometryLibrary", "GeometryLibrary\GeometryLibrary.csproj", "{5485107C-8756-461C-89AC-9401E75DF2D5}"
EndProject
Project("{FAE04EC0-301F-11D3-BF4B-00C04F79EFBC}") = "GeometryTests", "GeometryTests\GeometryTests.csproj", "{4BC08507-8512-4BAB-A2AD-42611F61757A}"
EndProject
Global
	GlobalSection(SolutionConfigurationPlatforms) = preSolution
		Debug|Any CPU = Debug|Any CPU
		Release|Any CPU = Release|Any CPU
	EndGlobalSection
	GlobalSection(ProjectConfigurationPlatforms) = postSolution
		{5485107C-8756-461C-89AC-9401E75DF2D5}.Debug|Any CPU.ActiveCfg = Debug|Any CPU
		{5485107C-8756-461C-89AC-9401E75DF2D5}.Debug|Any CPU.Build.0 = Debug|Any CPU
		{5485107C-8756-461C-89AC-9401E75DF2D5}.Release|Any CPU.ActiveCfg = Release|Any CPU
		{5485107C-8756-461C-89AC-9401E75DF2D5}.Release|Any CPU.Build.0 = Release|Any CPU
		{4BC08507-8512-4BAB-A2AD-42611F61757A}.Debug|Any CPU.ActiveCfg = Debug|Any CPU
		{4BC08507-8512-4BAB-A2AD-42611F61757A}.Debug|Any CPU.Build.0 = Debug|Any CPU
		{4BC08507-8512-4BAB-A2AD-42611F61757A}.Release|Any CPU.ActiveCfg = Release|Any CPU
		{4BC08507-8512-4BAB-A2AD-42611F61757A}.Release|Any CPU.Build.0 = Release|Any CPU
	EndGlobalSection
EndGlobal
